// !$*UTF8*$!
{
	archiveVersion = 1;
	classes = {
	};
	objectVersion = 50;
	objects = {

/* Begin PBXBuildFile section */
		4573F85621AC404200893494 /* AppDelegate.swift in Sources */ = {isa = PBXBuildFile; fileRef = 4573F85521AC404200893494 /* AppDelegate.swift */; };
		4573F85821AC404200893494 /* ViewController.swift in Sources */ = {isa = PBXBuildFile; fileRef = 4573F85721AC404200893494 /* ViewController.swift */; };
		4573F85B21AC404200893494 /* Main.storyboard in Resources */ = {isa = PBXBuildFile; fileRef = 4573F85921AC404200893494 /* Main.storyboard */; };
		4573F85D21AC404300893494 /* Assets.xcassets in Resources */ = {isa = PBXBuildFile; fileRef = 4573F85C21AC404300893494 /* Assets.xcassets */; };
		4573F86021AC404300893494 /* LaunchScreen.storyboard in Resources */ = {isa = PBXBuildFile; fileRef = 4573F85E21AC404300893494 /* LaunchScreen.storyboard */; };
		4573F86821AC40FA00893494 /* PageViewController.swift in Sources */ = {isa = PBXBuildFile; fileRef = 4573F86721AC40FA00893494 /* PageViewController.swift */; };
		4573F86A21AC41C800893494 /* PartsViewController.swift in Sources */ = {isa = PBXBuildFile; fileRef = 4573F86921AC41C800893494 /* PartsViewController.swift */; };
		4573F86C21AC635B00893494 /* ContainerViewController.swift in Sources */ = {isa = PBXBuildFile; fileRef = 4573F86B21AC635B00893494 /* ContainerViewController.swift */; };
/* End PBXBuildFile section */

/* Begin PBXFileReference section */
		4573F85221AC404200893494 /* PageView-Scroll-Sample.app */ = {isa = PBXFileReference; explicitFileType = wrapper.application; includeInIndex = 0; path = "PageView-Scroll-Sample.app"; sourceTree = BUILT_PRODUCTS_DIR; };
		4573F85521AC404200893494 /* AppDelegate.swift */ = {isa = PBXFileReference; lastKnownFileType = sourcecode.swift; path = AppDelegate.swift; sourceTree = "<group>"; };
		4573F85721AC404200893494 /* ViewController.swift */ = {isa = PBXFileReference; lastKnownFileType = sourcecode.swift; path = ViewController.swift; sourceTree = "<group>"; };
		4573F85A21AC404200893494 /* Base */ = {isa = PBXFileReference; lastKnownFileType = file.storyboard; name = Base; path = Base.lproj/Main.storyboard; sourceTree = "<group>"; };
		4573F85C21AC404300893494 /* Assets.xcassets */ = {isa = PBXFileReference; lastKnownFileType = folder.assetcatalog; path = Assets.xcassets; sourceTree = "<group>"; };
		4573F85F21AC404300893494 /* Base */ = {isa = PBXFileReference; lastKnownFileType = file.storyboard; name = Base; path = Base.lproj/LaunchScreen.storyboard; sourceTree = "<group>"; };
		4573F86121AC404300893494 /* Info.plist */ = {isa = PBXFileReference; lastKnownFileType = text.plist.xml; path = Info.plist; sourceTree = "<group>"; };
		4573F86721AC40FA00893494 /* PageViewController.swift */ = {isa = PBXFileReference; lastKnownFileType = sourcecode.swift; path = PageViewController.swift; sourceTree = "<group>"; };
		4573F86921AC41C800893494 /* PartsViewController.swift */ = {isa = PBXFileReference; lastKnownFileType = sourcecode.swift; path = PartsViewController.swift; sourceTree = "<group>"; };
		4573F86B21AC635B00893494 /* ContainerViewController.swift */ = {isa = PBXFileReference; lastKnownFileType = sourcecode.swift; path = ContainerViewController.swift; sourceTree = "<group>"; };
/* End PBXFileReference section */

/* Begin PBXFrameworksBuildPhase section */
		4573F84F21AC404200893494 /* Frameworks */ = {
			isa = PBXFrameworksBuildPhase;
			buildActionMask = 2147483647;
			files = (
			);
			runOnlyForDeploymentPostprocessing = 0;
		};
/* End PBXFrameworksBuildPhase section */

/* Begin PBXGroup section */
		4573F84921AC404200893494 = {
			isa = PBXGroup;
			children = (
				4573F85421AC404200893494 /* PageView-Scroll-Sample */,
				4573F85321AC404200893494 /* Products */,
			);
			sourceTree = "<group>";
		};
		4573F85321AC404200893494 /* Products */ = {
			isa = PBXGroup;
			children = (
				4573F85221AC404200893494 /* PageView-Scroll-Sample.app */,
			);
			name = Products;
			sourceTree = "<group>";
		};
		4573F85421AC404200893494 /* PageView-Scroll-Sample */ = {
			isa = PBXGroup;
			children = (
				4573F85521AC404200893494 /* AppDelegate.swift */,
				4573F85721AC404200893494 /* ViewController.swift */,
				4573F85921AC404200893494 /* Main.storyboard */,
				4573F85C21AC404300893494 /* Assets.xcassets */,
				4573F85E21AC404300893494 /* LaunchScreen.storyboard */,
				4573F86121AC404300893494 /* Info.plist */,
				4573F86721AC40FA00893494 /* PageViewController.swift */,
				4573F86921AC41C800893494 /* PartsViewController.swift */,
				4573F86B21AC635B00893494 /* ContainerViewController.swift */,
			);
			path = "PageView-Scroll-Sample";
			sourceTree = "<group>";
		};
/* End PBXGroup section */

/* Begin PBXNativeTarget section */
		4573F85121AC404200893494 /* PageView-Scroll-Sample */ = {
			isa = PBXNativeTarget;
			buildConfigurationList = 4573F86421AC404300893494 /* Build configuration list for PBXNativeTarget "PageView-Scroll-Sample" */;
			buildPhases = (
				4573F84E21AC404200893494 /* Sources */,
				4573F84F21AC404200893494 /* Frameworks */,
				4573F85021AC404200893494 /* Resources */,
			);
			buildRules = (
			);
			dependencies = (
			);
			name = "PageView-Scroll-Sample";
			productName = "PageView-Scroll-Sample";
			productReference = 4573F85221AC404200893494 /* PageView-Scroll-Sample.app */;
			productType = "com.apple.product-type.application";
		};
/* End PBXNativeTarget section */

/* Begin PBXProject section */
		4573F84A21AC404200893494 /* Project object */ = {
			isa = PBXProject;
			attributes = {
				LastSwiftUpdateCheck = 1010;
				LastUpgradeCheck = 1010;
				ORGANIZATIONNAME = kawaharadai;
				TargetAttributes = {
					4573F85121AC404200893494 = {
						CreatedOnToolsVersion = 10.1;
					};
				};
			};
			buildConfigurationList = 4573F84D21AC404200893494 /* Build configuration list for PBXProject "PageView-Scroll-Sample" */;
			compatibilityVersion = "Xcode 9.3";
			developmentRegion = en;
			hasScannedForEncodings = 0;
			knownRegions = (
				en,
				Base,
			);
			mainGroup = 4573F84921AC404200893494;
			productRefGroup = 4573F85321AC404200893494 /* Products */;
			projectDirPath = "";
			projectRoot = "";
			targets = (
				4573F85121AC404200893494 /* PageView-Scroll-Sample */,
			);
		};
/* End PBXProject section */

/* Begin PBXResourcesBuildPhase section */
		4573F85021AC404200893494 /* Resources */ = {
			isa = PBXResourcesBuildPhase;
			buildActionMask = 2147483647;
			files = (
				4573F86021AC404300893494 /* LaunchScreen.storyboard in Resources */,
				4573F85D21AC404300893494 /* Assets.xcassets in Resources */,
				4573F85B21AC404200893494 /* Main.storyboard in Resources */,
			);
			runOnlyForDeploymentPostprocessing = 0;
		};
/* End PBXResourcesBuildPhase section */

/* Begin PBXSourcesBuildPhase section */
		4573F84E21AC404200893494 /* Sources */ = {
			isa = PBXSourcesBuildPhase;
			buildActionMask = 2147483647;
			files = (
				4573F86821AC40FA00893494 /* PageViewController.swift in Sources */,
				4573F86A21AC41C800893494 /* PartsViewController.swift in Sources */,
				4573F86C21AC635B00893494 /* ContainerViewController.swift in Sources */,
				4573F85821AC404200893494 /* ViewController.swift in Sources */,
				4573F85621AC404200893494 /* AppDelegate.swift in Sources */,
			);
			runOnlyForDeploymentPostprocessing = 0;
		};
/* End PBXSourcesBuildPhase section */

/* Begin PBXVariantGroup section */
		4573F85921AC404200893494 /* Main.storyboard */ = {
			isa = PBXVariantGroup;
			children = (
				4573F85A21AC404200893494 /* Base */,
			);
			name = Main.storyboard;
			sourceTree = "<group>";
		};
		4573F85E21AC404300893494 /* LaunchScreen.storyboard */ = {
			isa = PBXVariantGroup;
			children = (
				4573F85F21AC404300893494 /* Base */,
			);
			name = LaunchScreen.storyboard;
			sourceTree = "<group>";
		};
/* End PBXVariantGroup section */

/* Begin XCBuildConfiguration section */
		4573F86221AC404300893494 /* Debug */ = {
			isa = XCBuildConfiguration;
			buildSettings = {
				ALWAYS_SEARCH_USER_PATHS = NO;
				CLANG_ANALYZER_NONNULL = YES;
				CLANG_ANALYZER_NUMBER_OBJECT_CONVERSION = YES_AGGRESSIVE;
				CLANG_CXX_LANGUAGE_STANDARD = "gnu++14";
				CLANG_CXX_LIBRARY = "libc++";
				CLANG_ENABLE_MODULES = YES;
				CLANG_ENABLE_OBJC_ARC = YES;
				CLANG_ENABLE_OBJC_WEAK = YES;
				CLANG_WARN_BLOCK_CAPTURE_AUTORELEASING = YES;
				CLANG_WARN_BOOL_CONVERSION = YES;
				CLANG_WARN_COMMA = YES;
				CLANG_WARN_CONSTANT_CONVERSION = YES;
				CLANG_WARN_DEPRECATED_OBJC_IMPLEMENTATIONS = YES;
				CLANG_WARN_DIRECT_OBJC_ISA_USAGE = YES_ERROR;
				CLANG_WARN_DOCUMENTATION_COMMENTS = YES;
				CLANG_WARN_EMPTY_BODY = YES;
				CLANG_WARN_ENUM_CONVERSION = YES;
				CLANG_WARN_INFINITE_RECURSION = YES;
				CLANG_WARN_INT_CONVERSION = YES;
				CLANG_WARN_NON_LITERAL_NULL_CONVERSION = YES;
				CLANG_WARN_OBJC_IMPLICIT_RETAIN_SELF = YES;
				CLANG_WARN_OBJC_LITERAL_CONVERSION = YES;
				CLANG_WARN_OBJC_ROOT_CLASS = YES_ERROR;
				CLANG_WARN_RANGE_LOOP_ANALYSIS = YES;
				CLANG_WARN_STRICT_PROTOTYPES = YES;
				CLANG_WARN_SUSPICIOUS_MOVE = YES;
				CLANG_WARN_UNGUARDED_AVAILABILITY = YES_AGGRESSIVE;
				CLANG_WARN_UNREACHABLE_CODE = YES;
				CLANG_WARN__DUPLICATE_METHOD_MATCH = YES;
				CODE_SIGN_IDENTITY = "iPhone Developer";
				COPY_PHASE_STRIP = NO;
				DEBUG_INFORMATION_FORMAT = dwarf;
				ENABLE_STRICT_OBJC_MSGSEND = YES;
				ENABLE_TESTABILITY = YES;
				GCC_C_LANGUAGE_STANDARD = gnu11;
				GCC_DYNAMIC_NO_PIC = NO;
				GCC_NO_COMMON_BLOCKS = YES;
				GCC_OPTIMIZATION_LEVEL = 0;
				GCC_PREPROCESSOR_DEFINITIONS = (
					"DEBUG=1",
					"$(inherited)",
				);
				GCC_WARN_64_TO_32_BIT_CONVERSION = YES;
				GCC_WARN_ABOUT_RETURN_TYPE = YES_ERROR;
				GCC_WARN_UNDECLARED_SELECTOR = YES;
				GCC_WARN_UNINITIALIZED_AUTOS = YES_AGGRESSIVE;
				GCC_WARN_UNUSED_FUNCTION = YES;
				GCC_WARN_UNUSED_VARIABLE = YES;
				IPHONEOS_DEPLOYMENT_TARGET = 12.1;
				MTL_ENABLE_DEBUG_INFO = INCLUDE_SOURCE;
				MTL_FAST_MATH = YES;
				ONLY_ACTIVE_ARCH = YES;
				SDKROOT = iphoneos;
				SWIFT_ACTIVE_COMPILATION_CONDITIONS = DEBUG;
				SWIFT_OPTIMIZATION_LEVEL = "-Onone";
			};
			name = Debug;
		};
		4573F86321AC404300893494 /* Release */ = {
			isa = XCBuildConfiguration;
			buildSettings = {
				ALWAYS_SEARCH_USER_PATHS = NO;
				CLANG_ANALYZER_NONNULL = YES;
				CLANG_ANALYZER_NUMBER_OBJECT_CONVERSION = YES_AGGRESSIVE;
				CLANG_CXX_LANGUAGE_STANDARD = "gnu++14";
				CLANG_CXX_LIBRARY = "libc++";
				CLANG_ENABLE_MODULES = YES;
				CLANG_ENABLE_OBJC_ARC = YES;
				CLANG_ENABLE_OBJC_WEAK = YES;
				CLANG_WARN_BLOCK_CAPTURE_AUTORELEASING = YES;
				CLANG_WARN_BOOL_CONVERSION = YES;
				CLANG_WARN_COMMA = YES;
				CLANG_WARN_CONSTANT_CONVERSION = YES;
				CLANG_WARN_DEPRECATED_OBJC_IMPLEMENTATIONS = YES;
				CLANG_WARN_DIRECT_OBJC_ISA_USAGE = YES_ERROR;
				CLANG_WARN_DOCUMENTATION_COMMENTS = YES;
				CLANG_WARN_EMPTY_BODY = YES;
				CLANG_WARN_ENUM_CONVERSION = YES;
				CLANG_WARN_INFINITE_RECURSION = YES;
				CLANG_WARN_INT_CONVERSION = YES;
				CLANG_WARN_NON_LITERAL_NULL_CONVERSION = YES;
				CLANG_WARN_OBJC_IMPLICIT_RETAIN_SELF = YES;
				CLANG_WARN_OBJC_LITERAL_CONVERSION = YES;
				CLANG_WARN_OBJC_ROOT_CLASS = YES_ERROR;
				CLANG_WARN_RANGE_LOOP_ANALYSIS = YES;
				CLANG_WARN_STRICT_PROTOTYPES = YES;
				CLANG_WARN_SUSPICIOUS_MOVE = YES;
				CLANG_WARN_UNGUARDED_AVAILABILITY = YES_AGGRESSIVE;
				CLANG_WARN_UNREACHABLE_CODE = YES;
				CLANG_WARN__DUPLICATE_METHOD_MATCH = YES;
				CODE_SIGN_IDENTITY = "iPhone Developer";
				COPY_PHASE_STRIP = NO;
				DEBUG_INFORMATION_FORMAT = "dwarf-with-dsym";
				ENABLE_NS_ASSERTIONS = NO;
				ENABLE_STRICT_OBJC_MSGSEND = YES;
				GCC_C_LANGUAGE_STANDARD = gnu11;
				GCC_NO_COMMON_BLOCKS = YES;
				GCC_WARN_64_TO_32_BIT_CONVERSION = YES;
				GCC_WARN_ABOUT_RETURN_TYPE = YES_ERROR;
				GCC_WARN_UNDECLARED_SELECTOR = YES;
				GCC_WARN_UNINITIALIZED_AUTOS = YES_AGGRESSIVE;
				GCC_WARN_UNUSED_FUNCTION = YES;
				GCC_WARN_UNUSED_VARIABLE = YES;
				IPHONEOS_DEPLOYMENT_TARGET = 12.1;
				MTL_ENABLE_DEBUG_INFO = NO;
				MTL_FAST_MATH = YES;
				SDKROOT = iphoneos;
				SWIFT_COMPILATION_MODE = wholemodule;
				SWIFT_OPTIMIZATION_LEVEL = "-O";
				VALIDATE_PRODUCT = YES;
			};
			name = Release;
		};
		4573F86521AC404300893494 /* Debug */ = {
			isa = XCBuildConfiguration;
			buildSettings = {
				ASSETCATALOG_COMPILER_APPICON_NAME = AppIcon;
				CODE_SIGN_STYLE = Automatic;
				DEVELOPMENT_TEAM = LVR5UQEHBD;
				INFOPLIST_FILE = "PageView-Scroll-Sample/Info.plist";
				LD_RUNPATH_SEARCH_PATHS = (
					"$(inherited)",
					"@executable_path/Frameworks",
				);
				PRODUCT_BUNDLE_IDENTIFIER = "com.kawahara.PageView-Scroll-Sample";
				PRODUCT_NAME = "$(TARGET_NAME)";
				SWIFT_VERSION = 4.2;
				TARGETED_DEVICE_FAMILY = "1,2";
			};
			name = Debug;
		};
		4573F86621AC404300893494 /* Release */ = {
			isa = XCBuildConfiguration;
			buildSettings = {
				ASSETCATALOG_COMPILER_APPICON_NAME = AppIcon;
				CODE_SIGN_STYLE = Automatic;
				DEVELOPMENT_TEAM = LVR5UQEHBD;
				INFOPLIST_FILE = "PageView-Scroll-Sample/Info.plist";
				LD_RUNPATH_SEARCH_PATHS = (
					"$(inherited)",
					"@executable_path/Frameworks",
				);
				PRODUCT_BUNDLE_IDENTIFIER = "com.kawahara.PageView-Scroll-Sample";
				PRODUCT_NAME = "$(TARGET_NAME)";
				SWIFT_VERSION = 4.2;
				TARGETED_DEVICE_FAMILY = "1,2";
			};
			name = Release;
		};
/* End XCBuildConfiguration section */

/* Begin XCConfigurationList section */
		4573F84D21AC404200893494 /* Build configuration list for PBXProject "PageView-Scroll-Sample" */ = {
			isa = XCConfigurationList;
			buildConfigurations = (
				4573F86221AC404300893494 /* Debug */,
				4573F86321AC404300893494 /* Release */,
			);
			defaultConfigurationIsVisible = 0;
			defaultConfigurationName = Release;
		};
		4573F86421AC404300893494 /* Build configuration list for PBXNativeTarget "PageView-Scroll-Sample" */ = {
			isa = XCConfigurationList;
			buildConfigurations = (
				4573F86521AC404300893494 /* Debug */,
				4573F86621AC404300893494 /* Release */,
			);
			defaultConfigurationIsVisible = 0;
			defaultConfigurationName = Release;
		};
/* End XCConfigurationList section */
	};
	rootObject = 4573F84A21AC404200893494 /* Project object */;
}
